// !$*UTF8*$!
{
	archiveVersion = 1;
	classes = {
	};
	objectVersion = 46;
	objects = {

/* Begin PBXBuildFile section */
		8A830ED11F279CFA00EBFAD1 /* AppDelegate.swift in Sources */ = {isa = PBXBuildFile; fileRef = 8A830ED01F279CFA00EBFAD1 /* AppDelegate.swift */; };
		8A830ED31F279CFA00EBFAD1 /* ViewController.swift in Sources */ = {isa = PBXBuildFile; fileRef = 8A830ED21F279CFA00EBFAD1 /* ViewController.swift */; };
		8A830ED61F279CFA00EBFAD1 /* Main.storyboard in Resources */ = {isa = PBXBuildFile; fileRef = 8A830ED41F279CFA00EBFAD1 /* Main.storyboard */; };
		8A830ED81F279CFA00EBFAD1 /* Assets.xcassets in Resources */ = {isa = PBXBuildFile; fileRef = 8A830ED71F279CFA00EBFAD1 /* Assets.xcassets */; };
		8A830EDB1F279CFA00EBFAD1 /* LaunchScreen.storyboard in Resources */ = {isa = PBXBuildFile; fileRef = 8A830ED91F279CFA00EBFAD1 /* LaunchScreen.storyboard */; };
		8A830EE61F279CFA00EBFAD1 /* Andy_EmoticonKeyboardTests.swift in Sources */ = {isa = PBXBuildFile; fileRef = 8A830EE51F279CFA00EBFAD1 /* Andy_EmoticonKeyboardTests.swift */; };
		8A830EF11F279CFA00EBFAD1 /* Andy_EmoticonKeyboardUITests.swift in Sources */ = {isa = PBXBuildFile; fileRef = 8A830EF01F279CFA00EBFAD1 /* Andy_EmoticonKeyboardUITests.swift */; };
/* End PBXBuildFile section */

/* Begin PBXContainerItemProxy section */
		8A830EE21F279CFA00EBFAD1 /* PBXContainerItemProxy */ = {
			isa = PBXContainerItemProxy;
			containerPortal = 8A830EC51F279CFA00EBFAD1 /* Project object */;
			proxyType = 1;
			remoteGlobalIDString = 8A830ECC1F279CFA00EBFAD1;
			remoteInfo = Andy_EmoticonKeyboard;
		};
		8A830EED1F279CFA00EBFAD1 /* PBXContainerItemProxy */ = {
			isa = PBXContainerItemProxy;
			containerPortal = 8A830EC51F279CFA00EBFAD1 /* Project object */;
			proxyType = 1;
			remoteGlobalIDString = 8A830ECC1F279CFA00EBFAD1;
			remoteInfo = Andy_EmoticonKeyboard;
		};
/* End PBXContainerItemProxy section */

/* Begin PBXFileReference section */
		8A830ECD1F279CFA00EBFAD1 /* Andy_EmoticonKeyboard.app */ = {isa = PBXFileReference; explicitFileType = wrapper.application; includeInIndex = 0; path = Andy_EmoticonKeyboard.app; sourceTree = BUILT_PRODUCTS_DIR; };
		8A830ED01F279CFA00EBFAD1 /* AppDelegate.swift */ = {isa = PBXFileReference; lastKnownFileType = sourcecode.swift; path = AppDelegate.swift; sourceTree = "<group>"; };
		8A830ED21F279CFA00EBFAD1 /* ViewController.swift */ = {isa = PBXFileReference; lastKnownFileType = sourcecode.swift; path = ViewController.swift; sourceTree = "<group>"; };
		8A830ED51F279CFA00EBFAD1 /* Base */ = {isa = PBXFileReference; lastKnownFileType = file.storyboard; name = Base; path = Base.lproj/Main.storyboard; sourceTree = "<group>"; };
		8A830ED71F279CFA00EBFAD1 /* Assets.xcassets */ = {isa = PBXFileReference; lastKnownFileType = folder.assetcatalog; path = Assets.xcassets; sourceTree = "<group>"; };
		8A830EDA1F279CFA00EBFAD1 /* Base */ = {isa = PBXFileReference; lastKnownFileType = file.storyboard; name = Base; path = Base.lproj/LaunchScreen.storyboard; sourceTree = "<group>"; };
		8A830EDC1F279CFA00EBFAD1 /* Info.plist */ = {isa = PBXFileReference; lastKnownFileType = text.plist.xml; path = Info.plist; sourceTree = "<group>"; };
		8A830EE11F279CFA00EBFAD1 /* Andy_EmoticonKeyboardTests.xctest */ = {isa = PBXFileReference; explicitFileType = wrapper.cfbundle; includeInIndex = 0; path = Andy_EmoticonKeyboardTests.xctest; sourceTree = BUILT_PRODUCTS_DIR; };
		8A830EE51F279CFA00EBFAD1 /* Andy_EmoticonKeyboardTests.swift */ = {isa = PBXFileReference; lastKnownFileType = sourcecode.swift; path = Andy_EmoticonKeyboardTests.swift; sourceTree = "<group>"; };
		8A830EE71F279CFA00EBFAD1 /* Info.plist */ = {isa = PBXFileReference; lastKnownFileType = text.plist.xml; path = Info.plist; sourceTree = "<group>"; };
		8A830EEC1F279CFA00EBFAD1 /* Andy_EmoticonKeyboardUITests.xctest */ = {isa = PBXFileReference; explicitFileType = wrapper.cfbundle; includeInIndex = 0; path = Andy_EmoticonKeyboardUITests.xctest; sourceTree = BUILT_PRODUCTS_DIR; };
		8A830EF01F279CFA00EBFAD1 /* Andy_EmoticonKeyboardUITests.swift */ = {isa = PBXFileReference; lastKnownFileType = sourcecode.swift; path = Andy_EmoticonKeyboardUITests.swift; sourceTree = "<group>"; };
		8A830EF21F279CFA00EBFAD1 /* Info.plist */ = {isa = PBXFileReference; lastKnownFileType = text.plist.xml; path = Info.plist; sourceTree = "<group>"; };
/* End PBXFileReference section */

/* Begin PBXFrameworksBuildPhase section */
		8A830ECA1F279CFA00EBFAD1 /* Frameworks */ = {
			isa = PBXFrameworksBuildPhase;
			buildActionMask = 2147483647;
			files = (
			);
			runOnlyForDeploymentPostprocessing = 0;
		};
		8A830EDE1F279CFA00EBFAD1 /* Frameworks */ = {
			isa = PBXFrameworksBuildPhase;
			buildActionMask = 2147483647;
			files = (
			);
			runOnlyForDeploymentPostprocessing = 0;
		};
		8A830EE91F279CFA00EBFAD1 /* Frameworks */ = {
			isa = PBXFrameworksBuildPhase;
			buildActionMask = 2147483647;
			files = (
			);
			runOnlyForDeploymentPostprocessing = 0;
		};
/* End PBXFrameworksBuildPhase section */

/* Begin PBXGroup section */
		8A830EC41F279CFA00EBFAD1 = {
			isa = PBXGroup;
			children = (
				8A830ECF1F279CFA00EBFAD1 /* Andy_EmoticonKeyboard */,
				8A830EE41F279CFA00EBFAD1 /* Andy_EmoticonKeyboardTests */,
				8A830EEF1F279CFA00EBFAD1 /* Andy_EmoticonKeyboardUITests */,
				8A830ECE1F279CFA00EBFAD1 /* Products */,
			);
			sourceTree = "<group>";
		};
		8A830ECE1F279CFA00EBFAD1 /* Products */ = {
			isa = PBXGroup;
			children = (
				8A830ECD1F279CFA00EBFAD1 /* Andy_EmoticonKeyboard.app */,
				8A830EE11F279CFA00EBFAD1 /* Andy_EmoticonKeyboardTests.xctest */,
				8A830EEC1F279CFA00EBFAD1 /* Andy_EmoticonKeyboardUITests.xctest */,
			);
			name = Products;
			sourceTree = "<group>";
		};
		8A830ECF1F279CFA00EBFAD1 /* Andy_EmoticonKeyboard */ = {
			isa = PBXGroup;
			children = (
				8A830ED01F279CFA00EBFAD1 /* AppDelegate.swift */,
				8A830ED21F279CFA00EBFAD1 /* ViewController.swift */,
				8A830ED41F279CFA00EBFAD1 /* Main.storyboard */,
				8A830ED71F279CFA00EBFAD1 /* Assets.xcassets */,
				8A830ED91F279CFA00EBFAD1 /* LaunchScreen.storyboard */,
				8A830EDC1F279CFA00EBFAD1 /* Info.plist */,
			);
			path = Andy_EmoticonKeyboard;
			sourceTree = "<group>";
		};
		8A830EE41F279CFA00EBFAD1 /* Andy_EmoticonKeyboardTests */ = {
			isa = PBXGroup;
			children = (
				8A830EE51F279CFA00EBFAD1 /* Andy_EmoticonKeyboardTests.swift */,
				8A830EE71F279CFA00EBFAD1 /* Info.plist */,
			);
			path = Andy_EmoticonKeyboardTests;
			sourceTree = "<group>";
		};
		8A830EEF1F279CFA00EBFAD1 /* Andy_EmoticonKeyboardUITests */ = {
			isa = PBXGroup;
			children = (
				8A830EF01F279CFA00EBFAD1 /* Andy_EmoticonKeyboardUITests.swift */,
				8A830EF21F279CFA00EBFAD1 /* Info.plist */,
			);
			path = Andy_EmoticonKeyboardUITests;
			sourceTree = "<group>";
		};
/* End PBXGroup section */

/* Begin PBXNativeTarget section */
		8A830ECC1F279CFA00EBFAD1 /* Andy_EmoticonKeyboard */ = {
			isa = PBXNativeTarget;
			buildConfigurationList = 8A830EF51F279CFA00EBFAD1 /* Build configuration list for PBXNativeTarget "Andy_EmoticonKeyboard" */;
			buildPhases = (
				8A830EC91F279CFA00EBFAD1 /* Sources */,
				8A830ECA1F279CFA00EBFAD1 /* Frameworks */,
				8A830ECB1F279CFA00EBFAD1 /* Resources */,
			);
			buildRules = (
			);
			dependencies = (
			);
			name = Andy_EmoticonKeyboard;
			productName = Andy_EmoticonKeyboard;
			productReference = 8A830ECD1F279CFA00EBFAD1 /* Andy_EmoticonKeyboard.app */;
			productType = "com.apple.product-type.application";
		};
		8A830EE01F279CFA00EBFAD1 /* Andy_EmoticonKeyboardTests */ = {
			isa = PBXNativeTarget;
			buildConfigurationList = 8A830EF81F279CFA00EBFAD1 /* Build configuration list for PBXNativeTarget "Andy_EmoticonKeyboardTests" */;
			buildPhases = (
				8A830EDD1F279CFA00EBFAD1 /* Sources */,
				8A830EDE1F279CFA00EBFAD1 /* Frameworks */,
				8A830EDF1F279CFA00EBFAD1 /* Resources */,
			);
			buildRules = (
			);
			dependencies = (
				8A830EE31F279CFA00EBFAD1 /* PBXTargetDependency */,
			);
			name = Andy_EmoticonKeyboardTests;
			productName = Andy_EmoticonKeyboardTests;
			productReference = 8A830EE11F279CFA00EBFAD1 /* Andy_EmoticonKeyboardTests.xctest */;
			productType = "com.apple.product-type.bundle.unit-test";
		};
		8A830EEB1F279CFA00EBFAD1 /* Andy_EmoticonKeyboardUITests */ = {
			isa = PBXNativeTarget;
			buildConfigurationList = 8A830EFB1F279CFA00EBFAD1 /* Build configuration list for PBXNativeTarget "Andy_EmoticonKeyboardUITests" */;
			buildPhases = (
				8A830EE81F279CFA00EBFAD1 /* Sources */,
				8A830EE91F279CFA00EBFAD1 /* Frameworks */,
				8A830EEA1F279CFA00EBFAD1 /* Resources */,
			);
			buildRules = (
			);
			dependencies = (
				8A830EEE1F279CFA00EBFAD1 /* PBXTargetDependency */,
			);
			name = Andy_EmoticonKeyboardUITests;
			productName = Andy_EmoticonKeyboardUITests;
			productReference = 8A830EEC1F279CFA00EBFAD1 /* Andy_EmoticonKeyboardUITests.xctest */;
			productType = "com.apple.product-type.bundle.ui-testing";
		};
/* End PBXNativeTarget section */

/* Begin PBXProject section */
		8A830EC51F279CFA00EBFAD1 /* Project object */ = {
			isa = PBXProject;
			attributes = {
				LastSwiftUpdateCheck = 0820;
				LastUpgradeCheck = 0820;
				ORGANIZATIONNAME = "Yue Zhou";
				TargetAttributes = {
					8A830ECC1F279CFA00EBFAD1 = {
						CreatedOnToolsVersion = 8.2.1;
						DevelopmentTeam = W46FRQ7PW6;
						ProvisioningStyle = Automatic;
					};
					8A830EE01F279CFA00EBFAD1 = {
						CreatedOnToolsVersion = 8.2.1;
						DevelopmentTeam = W46FRQ7PW6;
						ProvisioningStyle = Automatic;
						TestTargetID = 8A830ECC1F279CFA00EBFAD1;
					};
					8A830EEB1F279CFA00EBFAD1 = {
						CreatedOnToolsVersion = 8.2.1;
						DevelopmentTeam = W46FRQ7PW6;
						ProvisioningStyle = Automatic;
						TestTargetID = 8A830ECC1F279CFA00EBFAD1;
					};
				};
			};
			buildConfigurationList = 8A830EC81F279CFA00EBFAD1 /* Build configuration list for PBXProject "Andy_EmoticonKeyboard" */;
			compatibilityVersion = "Xcode 3.2";
			developmentRegion = English;
			hasScannedForEncodings = 0;
			knownRegions = (
				en,
				Base,
			);
			mainGroup = 8A830EC41F279CFA00EBFAD1;
			productRefGroup = 8A830ECE1F279CFA00EBFAD1 /* Products */;
			projectDirPath = "";
			projectRoot = "";
			targets = (
				8A830ECC1F279CFA00EBFAD1 /* Andy_EmoticonKeyboard */,
				8A830EE01F279CFA00EBFAD1 /* Andy_EmoticonKeyboardTests */,
				8A830EEB1F279CFA00EBFAD1 /* Andy_EmoticonKeyboardUITests */,
			);
		};
/* End PBXProject section */

/* Begin PBXResourcesBuildPhase section */
		8A830ECB1F279CFA00EBFAD1 /* Resources */ = {
			isa = PBXResourcesBuildPhase;
			buildActionMask = 2147483647;
			files = (
				8A830EDB1F279CFA00EBFAD1 /* LaunchScreen.storyboard in Resources */,
				8A830ED81F279CFA00EBFAD1 /* Assets.xcassets in Resources */,
				8A830ED61F279CFA00EBFAD1 /* Main.storyboard in Resources */,
			);
			runOnlyForDeploymentPostprocessing = 0;
		};
		8A830EDF1F279CFA00EBFAD1 /* Resources */ = {
			isa = PBXResourcesBuildPhase;
			buildActionMask = 2147483647;
			files = (
			);
			runOnlyForDeploymentPostprocessing = 0;
		};
		8A830EEA1F279CFA00EBFAD1 /* Resources */ = {
			isa = PBXResourcesBuildPhase;
			buildActionMask = 2147483647;
			files = (
			);
			runOnlyForDeploymentPostprocessing = 0;
		};
/* End PBXResourcesBuildPhase section */

/* Begin PBXSourcesBuildPhase section */
		8A830EC91F279CFA00EBFAD1 /* Sources */ = {
			isa = PBXSourcesBuildPhase;
			buildActionMask = 2147483647;
			files = (
				8A830ED31F279CFA00EBFAD1 /* ViewController.swift in Sources */,
				8A830ED11F279CFA00EBFAD1 /* AppDelegate.swift in Sources */,
			);
			runOnlyForDeploymentPostprocessing = 0;
		};
		8A830EDD1F279CFA00EBFAD1 /* Sources */ = {
			isa = PBXSourcesBuildPhase;
			buildActionMask = 2147483647;
			files = (
				8A830EE61F279CFA00EBFAD1 /* Andy_EmoticonKeyboardTests.swift in Sources */,
			);
			runOnlyForDeploymentPostprocessing = 0;
		};
		8A830EE81F279CFA00EBFAD1 /* Sources */ = {
			isa = PBXSourcesBuildPhase;
			buildActionMask = 2147483647;
			files = (
				8A830EF11F279CFA00EBFAD1 /* Andy_EmoticonKeyboardUITests.swift in Sources */,
			);
			runOnlyForDeploymentPostprocessing = 0;
		};
/* End PBXSourcesBuildPhase section */

/* Begin PBXTargetDependency section */
		8A830EE31F279CFA00EBFAD1 /* PBXTargetDependency */ = {
			isa = PBXTargetDependency;
			target = 8A830ECC1F279CFA00EBFAD1 /* Andy_EmoticonKeyboard */;
			targetProxy = 8A830EE21F279CFA00EBFAD1 /* PBXContainerItemProxy */;
		};
		8A830EEE1F279CFA00EBFAD1 /* PBXTargetDependency */ = {
			isa = PBXTargetDependency;
			target = 8A830ECC1F279CFA00EBFAD1 /* Andy_EmoticonKeyboard */;
			targetProxy = 8A830EED1F279CFA00EBFAD1 /* PBXContainerItemProxy */;
		};
/* End PBXTargetDependency section */

/* Begin PBXVariantGroup section */
		8A830ED41F279CFA00EBFAD1 /* Main.storyboard */ = {
			isa = PBXVariantGroup;
			children = (
				8A830ED51F279CFA00EBFAD1 /* Base */,
			);
			name = Main.storyboard;
			sourceTree = "<group>";
		};
		8A830ED91F279CFA00EBFAD1 /* LaunchScreen.storyboard */ = {
			isa = PBXVariantGroup;
			children = (
				8A830EDA1F279CFA00EBFAD1 /* Base */,
			);
			name = LaunchScreen.storyboard;
			sourceTree = "<group>";
		};
/* End PBXVariantGroup section */

/* Begin XCBuildConfiguration section */
		8A830EF31F279CFA00EBFAD1 /* Debug */ = {
			isa = XCBuildConfiguration;
			buildSettings = {
				ALWAYS_SEARCH_USER_PATHS = NO;
				CLANG_ANALYZER_NONNULL = YES;
				CLANG_CXX_LANGUAGE_STANDARD = "gnu++0x";
				CLANG_CXX_LIBRARY = "libc++";
				CLANG_ENABLE_MODULES = YES;
				CLANG_ENABLE_OBJC_ARC = YES;
				CLANG_WARN_BOOL_CONVERSION = YES;
				CLANG_WARN_CONSTANT_CONVERSION = YES;
				CLANG_WARN_DIRECT_OBJC_ISA_USAGE = YES_ERROR;
				CLANG_WARN_DOCUMENTATION_COMMENTS = YES;
				CLANG_WARN_EMPTY_BODY = YES;
				CLANG_WARN_ENUM_CONVERSION = YES;
				CLANG_WARN_INFINITE_RECURSION = YES;
				CLANG_WARN_INT_CONVERSION = YES;
				CLANG_WARN_OBJC_ROOT_CLASS = YES_ERROR;
				CLANG_WARN_SUSPICIOUS_MOVE = YES;
				CLANG_WARN_UNREACHABLE_CODE = YES;
				CLANG_WARN__DUPLICATE_METHOD_MATCH = YES;
				"CODE_SIGN_IDENTITY[sdk=iphoneos*]" = "iPhone Developer";
				COPY_PHASE_STRIP = NO;
				DEBUG_INFORMATION_FORMAT = dwarf;
				ENABLE_STRICT_OBJC_MSGSEND = YES;
				ENABLE_TESTABILITY = YES;
				GCC_C_LANGUAGE_STANDARD = gnu99;
				GCC_DYNAMIC_NO_PIC = NO;
				GCC_NO_COMMON_BLOCKS = YES;
				GCC_OPTIMIZATION_LEVEL = 0;
				GCC_PREPROCESSOR_DEFINITIONS = (
					"DEBUG=1",
					"$(inherited)",
				);
				GCC_WARN_64_TO_32_BIT_CONVERSION = YES;
				GCC_WARN_ABOUT_RETURN_TYPE = YES_ERROR;
				GCC_WARN_UNDECLARED_SELECTOR = YES;
				GCC_WARN_UNINITIALIZED_AUTOS = YES_AGGRESSIVE;
				GCC_WARN_UNUSED_FUNCTION = YES;
				GCC_WARN_UNUSED_VARIABLE = YES;
				IPHONEOS_DEPLOYMENT_TARGET = 10.2;
				MTL_ENABLE_DEBUG_INFO = YES;
				ONLY_ACTIVE_ARCH = YES;
				SDKROOT = iphoneos;
				SWIFT_ACTIVE_COMPILATION_CONDITIONS = DEBUG;
				SWIFT_OPTIMIZATION_LEVEL = "-Onone";
				TARGETED_DEVICE_FAMILY = "1,2";
			};
			name = Debug;
		};
		8A830EF41F279CFA00EBFAD1 /* Release */ = {
			isa = XCBuildConfiguration;
			buildSettings = {
				ALWAYS_SEARCH_USER_PATHS = NO;
				CLANG_ANALYZER_NONNULL = YES;
				CLANG_CXX_LANGUAGE_STANDARD = "gnu++0x";
				CLANG_CXX_LIBRARY = "libc++";
				CLANG_ENABLE_MODULES = YES;
				CLANG_ENABLE_OBJC_ARC = YES;
				CLANG_WARN_BOOL_CONVERSION = YES;
				CLANG_WARN_CONSTANT_CONVERSION = YES;
				CLANG_WARN_DIRECT_OBJC_ISA_USAGE = YES_ERROR;
				CLANG_WARN_DOCUMENTATION_COMMENTS = YES;
				CLANG_WARN_EMPTY_BODY = YES;
				CLANG_WARN_ENUM_CONVERSION = YES;
				CLANG_WARN_INFINITE_RECURSION = YES;
				CLANG_WARN_INT_CONVERSION = YES;
				CLANG_WARN_OBJC_ROOT_CLASS = YES_ERROR;
				CLANG_WARN_SUSPICIOUS_MOVE = YES;
				CLANG_WARN_UNREACHABLE_CODE = YES;
				CLANG_WARN__DUPLICATE_METHOD_MATCH = YES;
				"CODE_SIGN_IDENTITY[sdk=iphoneos*]" = "iPhone Developer";
				COPY_PHASE_STRIP = NO;
				DEBUG_INFORMATION_FORMAT = "dwarf-with-dsym";
				ENABLE_NS_ASSERTIONS = NO;
				ENABLE_STRICT_OBJC_MSGSEND = YES;
				GCC_C_LANGUAGE_STANDARD = gnu99;
				GCC_NO_COMMON_BLOCKS = YES;
				GCC_WARN_64_TO_32_BIT_CONVERSION = YES;
				GCC_WARN_ABOUT_RETURN_TYPE = YES_ERROR;
				GCC_WARN_UNDECLARED_SELECTOR = YES;
				GCC_WARN_UNINITIALIZED_AUTOS = YES_AGGRESSIVE;
				GCC_WARN_UNUSED_FUNCTION = YES;
				GCC_WARN_UNUSED_VARIABLE = YES;
				IPHONEOS_DEPLOYMENT_TARGET = 10.2;
				MTL_ENABLE_DEBUG_INFO = NO;
				SDKROOT = iphoneos;
				SWIFT_OPTIMIZATION_LEVEL = "-Owholemodule";
				TARGETED_DEVICE_FAMILY = "1,2";
				VALIDATE_PRODUCT = YES;
			};
			name = Release;
		};
		8A830EF61F279CFA00EBFAD1 /* Debug */ = {
			isa = XCBuildConfiguration;
			buildSettings = {
				ASSETCATALOG_COMPILER_APPICON_NAME = AppIcon;
				DEVELOPMENT_TEAM = W46FRQ7PW6;
				INFOPLIST_FILE = Andy_EmoticonKeyboard/Info.plist;
				LD_RUNPATH_SEARCH_PATHS = "$(inherited) @executable_path/Frameworks";
				PRODUCT_BUNDLE_IDENTIFIER = "YZ.Andy-EmoticonKeyboard";
				PRODUCT_NAME = "$(TARGET_NAME)";
				SWIFT_VERSION = 3.0;
			};
			name = Debug;
		};
		8A830EF71F279CFA00EBFAD1 /* Release */ = {
			isa = XCBuildConfiguration;
			buildSettings = {
				ASSETCATALOG_COMPILER_APPICON_NAME = AppIcon;
				DEVELOPMENT_TEAM = W46FRQ7PW6;
				INFOPLIST_FILE = Andy_EmoticonKeyboard/Info.plist;
				LD_RUNPATH_SEARCH_PATHS = "$(inherited) @executable_path/Frameworks";
				PRODUCT_BUNDLE_IDENTIFIER = "YZ.Andy-EmoticonKeyboard";
				PRODUCT_NAME = "$(TARGET_NAME)";
				SWIFT_VERSION = 3.0;
			};
			name = Release;
		};
		8A830EF91F279CFA00EBFAD1 /* Debug */ = {
			isa = XCBuildConfiguration;
			buildSettings = {
				ALWAYS_EMBED_SWIFT_STANDARD_LIBRARIES = YES;
				BUNDLE_LOADER = "$(TEST_HOST)";
				DEVELOPMENT_TEAM = W46FRQ7PW6;
				INFOPLIST_FILE = Andy_EmoticonKeyboardTests/Info.plist;
				LD_RUNPATH_SEARCH_PATHS = "$(inherited) @executable_path/Frameworks @loader_path/Frameworks";
				PRODUCT_BUNDLE_IDENTIFIER = "YZ.Andy-EmoticonKeyboardTests";
				PRODUCT_NAME = "$(TARGET_NAME)";
				SWIFT_VERSION = 3.0;
				TEST_HOST = "$(BUILT_PRODUCTS_DIR)/Andy_EmoticonKeyboard.app/Andy_EmoticonKeyboard";
			};
			name = Debug;
		};
		8A830EFA1F279CFA00EBFAD1 /* Release */ = {
			isa = XCBuildConfiguration;
			buildSettings = {
				ALWAYS_EMBED_SWIFT_STANDARD_LIBRARIES = YES;
				BUNDLE_LOADER = "$(TEST_HOST)";
				DEVELOPMENT_TEAM = W46FRQ7PW6;
				INFOPLIST_FILE = Andy_EmoticonKeyboardTests/Info.plist;
				LD_RUNPATH_SEARCH_PATHS = "$(inherited) @executable_path/Frameworks @loader_path/Frameworks";
				PRODUCT_BUNDLE_IDENTIFIER = "YZ.Andy-EmoticonKeyboardTests";
				PRODUCT_NAME = "$(TARGET_NAME)";
				SWIFT_VERSION = 3.0;
				TEST_HOST = "$(BUILT_PRODUCTS_DIR)/Andy_EmoticonKeyboard.app/Andy_EmoticonKeyboard";
			};
			name = Release;
		};
		8A830EFC1F279CFA00EBFAD1 /* Debug */ = {
			isa = XCBuildConfiguration;
			buildSettings = {
				ALWAYS_EMBED_SWIFT_STANDARD_LIBRARIES = YES;
				DEVELOPMENT_TEAM = W46FRQ7PW6;
				INFOPLIST_FILE = Andy_EmoticonKeyboardUITests/Info.plist;
				LD_RUNPATH_SEARCH_PATHS = "$(inherited) @executable_path/Frameworks @loader_path/Frameworks";
				PRODUCT_BUNDLE_IDENTIFIER = "YZ.Andy-EmoticonKeyboardUITests";
				PRODUCT_NAME = "$(TARGET_NAME)";
				SWIFT_VERSION = 3.0;
				TEST_TARGET_NAME = Andy_EmoticonKeyboard;
			};
			name = Debug;
		};
		8A830EFD1F279CFA00EBFAD1 /* Release */ = {
			isa = XCBuildConfiguration;
			buildSettings = {
				ALWAYS_EMBED_SWIFT_STANDARD_LIBRARIES = YES;
				DEVELOPMENT_TEAM = W46FRQ7PW6;
				INFOPLIST_FILE = Andy_EmoticonKeyboardUITests/Info.plist;
				LD_RUNPATH_SEARCH_PATHS = "$(inherited) @executable_path/Frameworks @loader_path/Frameworks";
				PRODUCT_BUNDLE_IDENTIFIER = "YZ.Andy-EmoticonKeyboardUITests";
				PRODUCT_NAME = "$(TARGET_NAME)";
				SWIFT_VERSION = 3.0;
				TEST_TARGET_NAME = Andy_EmoticonKeyboard;
			};
			name = Release;
		};
/* End XCBuildConfiguration section */

/* Begin XCConfigurationList section */
		8A830EC81F279CFA00EBFAD1 /* Build configuration list for PBXProject "Andy_EmoticonKeyboard" */ = {
			isa = XCConfigurationList;
			buildConfigurations = (
				8A830EF31F279CFA00EBFAD1 /* Debug */,
				8A830EF41F279CFA00EBFAD1 /* Release */,
			);
			defaultConfigurationIsVisible = 0;
			defaultConfigurationName = Release;
		};
		8A830EF51F279CFA00EBFAD1 /* Build configuration list for PBXNativeTarget "Andy_EmoticonKeyboard" */ = {
			isa = XCConfigurationList;
			buildConfigurations = (
				8A830EF61F279CFA00EBFAD1 /* Debug */,
				8A830EF71F279CFA00EBFAD1 /* Release */,
			);
			defaultConfigurationIsVisible = 0;
		};
		8A830EF81F279CFA00EBFAD1 /* Build configuration list for PBXNativeTarget "Andy_EmoticonKeyboardTests" */ = {
			isa = XCConfigurationList;
			buildConfigurations = (
				8A830EF91F279CFA00EBFAD1 /* Debug */,
				8A830EFA1F279CFA00EBFAD1 /* Release */,
			);
			defaultConfigurationIsVisible = 0;
		};
		8A830EFB1F279CFA00EBFAD1 /* Build configuration list for PBXNativeTarget "Andy_EmoticonKeyboardUITests" */ = {
			isa = XCConfigurationList;
			buildConfigurations = (
				8A830EFC1F279CFA00EBFAD1 /* Debug */,
				8A830EFD1F279CFA00EBFAD1 /* Release */,
			);
			defaultConfigurationIsVisible = 0;
		};
/* End XCConfigurationList section */
	};
	rootObject = 8A830EC51F279CFA00EBFAD1 /* Project object */;
}
